
Microsoft Visual Studio Solution File, Format Version 12.00
# Visual Studio 15
VisualStudioVersion = 15.0.28307.960
MinimumVisualStudioVersion = 10.0.40219.1
Project("{FAE04EC0-301F-11D3-BF4B-00C04F79EFBC}") = "Strategy", "Strategy\Strategy.csproj", "{A337F0F9-923E-4699-AF5A-7D9BA5806649}"
EndProject
Project("{FAE04EC0-301F-11D3-BF4B-00C04F79EFBC}") = "StrategyRealWorld", "StrategyRealWorld\StrategyRealWorld.csproj", "{B2D5C519-4F1B-4337-A629-80071E2E8B1D}"
EndProject
Global
	GlobalSection(SolutionConfigurationPlatforms) = preSolution
		Debug|Any CPU = Debug|Any CPU
		Release|Any CPU = Release|Any CPU
	EndGlobalSection
	GlobalSection(ProjectConfigurationPlatforms) = postSolution
		{A337F0F9-923E-4699-AF5A-7D9BA5806649}.Debug|Any CPU.ActiveCfg = Debug|Any CPU
		{A337F0F9-923E-4699-AF5A-7D9BA5806649}.Debug|Any CPU.Build.0 = Debug|Any CPU
		{A337F0F9-923E-4699-AF5A-7D9BA5806649}.Release|Any CPU.ActiveCfg = Release|Any CPU
		{A337F0F9-923E-4699-AF5A-7D9BA5806649}.Release|Any CPU.Build.0 = Release|Any CPU
		{B2D5C519-4F1B-4337-A629-80071E2E8B1D}.Debug|Any CPU.ActiveCfg = Debug|Any CPU
		{B2D5C519-4F1B-4337-A629-80071E2E8B1D}.Debug|Any CPU.Build.0 = Debug|Any CPU
		{B2D5C519-4F1B-4337-A629-80071E2E8B1D}.Release|Any CPU.ActiveCfg = Release|Any CPU
		{B2D5C519-4F1B-4337-A629-80071E2E8B1D}.Release|Any CPU.Build.0 = Release|Any CPU
	EndGlobalSection
	GlobalSection(SolutionProperties) = preSolution
		HideSolutionNode = FALSE
	EndGlobalSection
	GlobalSection(ExtensibilityGlobals) = postSolution
		SolutionGuid = {036588D0-7DC8-4F10-8B98-01B47806A2DB}
	EndGlobalSection
EndGlobal
